
Microsoft Visual Studio Solution File, Format Version 12.00
# Visual Studio Version 16
VisualStudioVersion = 16.0.31613.86
MinimumVisualStudioVersion = 10.0.40219.1
Project("{FAE04EC0-301F-11D3-BF4B-00C04F79EFBC}") = "Blog", "Blog.csproj", "{B84FDD51-B7F2-4537-825A-7B44A5148E56}"
EndProject
Global
	GlobalSection(SolutionConfigurationPlatforms) = preSolution
		Debug|Any CPU = Debug|Any CPU
		Release|Any CPU = Release|Any CPU
	EndGlobalSection
	GlobalSection(ProjectConfigurationPlatforms) = postSolution
		{B84FDD51-B7F2-4537-825A-7B44A5148E56}.Debug|Any CPU.ActiveCfg = Debug|Any CPU
		{B84FDD51-B7F2-4537-825A-7B44A5148E56}.Debug|Any CPU.Build.0 = Debug|Any CPU
		{B84FDD51-B7F2-4537-825A-7B44A5148E56}.Release|Any CPU.ActiveCfg = Release|Any CPU
		{B84FDD51-B7F2-4537-825A-7B44A5148E56}.Release|Any CPU.Build.0 = Release|Any CPU
	EndGlobalSection
	GlobalSection(SolutionProperties) = preSolution
		HideSolutionNode = FALSE
	EndGlobalSection
	GlobalSection(ExtensibilityGlobals) = postSolution
		SolutionGuid = {02C426E2-218A-4193-AEE6-4B4D21C10A93}
	EndGlobalSection
EndGlobal
